
Microsoft Visual Studio Solution File, Format Version 12.00
# Visual Studio 15
VisualStudioVersion = 15.0.28307.168
MinimumVisualStudioVersion = 10.0.40219.1
Project("{FAE04EC0-301F-11D3-BF4B-00C04F79EFBC}") = "NginxLogSharp", "NginxLogSharp\NginxLogSharp.csproj", "{1F64D9C0-4538-46CF-95AE-83108FF0EC90}"
EndProject
Global
	GlobalSection(SolutionConfigurationPlatforms) = preSolution
		Debug|Any CPU = Debug|Any CPU
		Release|Any CPU = Release|Any CPU
	EndGlobalSection
	GlobalSection(ProjectConfigurationPlatforms) = postSolution
		{1F64D9C0-4538-46CF-95AE-83108FF0EC90}.Debug|Any CPU.ActiveCfg = Debug|Any CPU
		{1F64D9C0-4538-46CF-95AE-83108FF0EC90}.Debug|Any CPU.Build.0 = Debug|Any CPU
		{1F64D9C0-4538-46CF-95AE-83108FF0EC90}.Release|Any CPU.ActiveCfg = Release|Any CPU
		{1F64D9C0-4538-46CF-95AE-83108FF0EC90}.Release|Any CPU.Build.0 = Release|Any CPU
	EndGlobalSection
	GlobalSection(SolutionProperties) = preSolution
		HideSolutionNode = FALSE
	EndGlobalSection
	GlobalSection(ExtensibilityGlobals) = postSolution
		SolutionGuid = {CE0640AA-FB90-40A7-A48F-13FF29B3170D}
	EndGlobalSection
EndGlobal
